<?xml version="1.0" encoding="utf-8"?>
<Project ToolsVersion="4.0" xmlns="http://schemas.microsoft.com/developer/msbuild/2003">
  <ItemGroup>
    <Filter Include="Classes">
      <UniqueIdentifier>{F3F6462C-5FD6-C5C7-68EE-509ED44C2C29}</UniqueIdentifier>
    </Filter>
  </ItemGroup>
  <ItemGroup>
    <ClInclude Include="Source\Classes\ChildSceneObject.h">
      <Filter>Classes</Filter>
    </ClInclude>
    <ClInclude Include="Source\Classes\CustomAppObject.h">
      <Filter>Classes</Filter>
    </ClInclude>
    <ClInclude Include="Source\Classes\CustomSceneObject.h">
      <Filter>Classes</Filter>
    </ClInclude>
    <ClInclude Include="Source\Classes\QuadRenderer.h">
      <Filter>Classes</Filter>
    </ClInclude>
    <ClInclude Include="Source\CustomClasses.h" />
    <ClInclude Include="Source\Classes\QuadComponent.h" />
    <ClInclude Include="Source\Classes\TextureAsset.h" />
    <ClInclude Include="Source\Classes\TestAsset.h" />
  </ItemGroup>
  <ItemGroup>
    <ClCompile Include="Source\Classes\ChildSceneObject.cpp">
      <Filter>Classes</Filter>
    </ClCompile>
    <ClCompile Include="Source\Classes\CustomAppObject.cpp">
      <Filter>Classes</Filter>
    </ClCompile>
    <ClCompile Include="Source\Classes\CustomSceneObject.cpp">
      <Filter>Classes</Filter>
    </ClCompile>
    <ClCompile Include="Source\Classes\QuadRenderer.cpp">
      <Filter>Classes</Filter>
    </ClCompile>
    <ClCompile Include="Source\CustomClasses.cpp" />
    <ClCompile Include="Source\Source.cpp" />
    <ClCompile Include="Source\Classes\QuadComponent.cpp" />
  </ItemGroup>
</Project>