<?xml version="1.0" encoding="utf-8"?>
<Project ToolsVersion="4.0" xmlns="http://schemas.microsoft.com/developer/msbuild/2003">
  <ItemGroup>
    <Filter Include="Assets">
      <UniqueIdentifier>{3824E0A7-24C6-0A7E-0D81-1ED2F9C191CE}</UniqueIdentifier>
    </Filter>
    <Filter Include="Assets\Classes">
      <UniqueIdentifier>{154B9A0B-0119-8E11-EAAC-FE37D6196A76}</UniqueIdentifier>
    </Filter>
    <Filter Include="Core">
      <UniqueIdentifier>{2EB4837C-1AEB-840D-C3D7-6A10AFED000F}</UniqueIdentifier>
    </Filter>
    <Filter Include="Event">
      <UniqueIdentifier>{E70B220D-5320-4ABE-1CA2-ED1D887546EF}</UniqueIdentifier>
    </Filter>
    <Filter Include="Framework">
      <UniqueIdentifier>{1362EE31-7FCC-A2A8-C80A-544E34B480FD}</UniqueIdentifier>
    </Filter>
    <Filter Include="Framework\Classes">
      <UniqueIdentifier>{F0330A11-5C4A-08A7-A5C1-93C81117D92E}</UniqueIdentifier>
    </Filter>
    <Filter Include="Framework\Classes\Components">
      <UniqueIdentifier>{05C3B8D3-F17D-A87F-9A35-21CA86CFF20F}</UniqueIdentifier>
    </Filter>
    <Filter Include="Rendering">
      <UniqueIdentifier>{E3AE1F7C-4F19-D4F2-9857-85980401B247}</UniqueIdentifier>
    </Filter>
    <Filter Include="Rendering\Classes">
      <UniqueIdentifier>{C050E392-2C67-E128-75DE-6C4AE133B2B0}</UniqueIdentifier>
    </Filter>
    <Filter Include="Rendering\Classes\Materials">
      <UniqueIdentifier>{914366EA-FD50-94D0-8637-90BBF2436087}</UniqueIdentifier>
    </Filter>
    <Filter Include="Rendering\Classes\Renderers">
      <UniqueIdentifier>{99F9C210-0507-F1F6-8EED-ECE1FAF9BCAD}</UniqueIdentifier>
    </Filter>
    <Filter Include="Serialization">
      <UniqueIdentifier>{2319AF09-8FD9-2A40-5814-74BDC4936F1C}</UniqueIdentifier>
    </Filter>
    <Filter Include="Utils">
      <UniqueIdentifier>{F68B420E-62A0-6ABF-2B22-0E1F97F566F0}</UniqueIdentifier>
    </Filter>
  </ItemGroup>
  <ItemGroup>
    <ClInclude Include="Source\Assets\Asset.h">
      <Filter>Assets</Filter>
    </ClInclude>
    <ClInclude Include="Source\Assets\AssetHandle.h">
      <Filter>Assets</Filter>
    </ClInclude>
    <ClInclude Include="Source\Assets\AssetManager.h">
      <Filter>Assets</Filter>
    </ClInclude>
    <ClInclude Include="Source\Assets\AssetRef.h">
      <Filter>Assets</Filter>
    </ClInclude>
    <ClInclude Include="Source\Assets\Classes\CubemapAsset.h">
      <Filter>Assets\Classes</Filter>
    </ClInclude>
    <ClInclude Include="Source\Assets\Classes\MaterialAsset.h">
      <Filter>Assets\Classes</Filter>
    </ClInclude>
    <ClInclude Include="Source\Assets\Classes\MeshAsset.h">
      <Filter>Assets\Classes</Filter>
    </ClInclude>
    <ClInclude Include="Source\Assets\Classes\ObjectAsset.h">
      <Filter>Assets\Classes</Filter>
    </ClInclude>
    <ClInclude Include="Source\Assets\Classes\PrefabAsset.h">
      <Filter>Assets\Classes</Filter>
    </ClInclude>
    <ClInclude Include="Source\Assets\Classes\SceneAsset.h">
      <Filter>Assets\Classes</Filter>
    </ClInclude>
    <ClInclude Include="Source\Assets\Classes\TextureAsset.h">
      <Filter>Assets\Classes</Filter>
    </ClInclude>
    <ClInclude Include="Source\Core\Allocator.h">
      <Filter>Core</Filter>
    </ClInclude>
    <ClInclude Include="Source\Core\Core.h">
      <Filter>Core</Filter>
    </ClInclude>
    <ClInclude Include="Source\Core\Enum.h">
      <Filter>Core</Filter>
    </ClInclude>
    <ClInclude Include="Source\Core\Log.h">
      <Filter>Core</Filter>
    </ClInclude>
    <ClInclude Include="Source\Core\Types.h">
      <Filter>Core</Filter>
    </ClInclude>
    <ClInclude Include="Source\DEngine.h" />
    <ClInclude Include="Source\Event\ApplicationEvent.h">
      <Filter>Event</Filter>
    </ClInclude>
    <ClInclude Include="Source\Event\AssetEvent.h">
      <Filter>Event</Filter>
    </ClInclude>
    <ClInclude Include="Source\Event\Callback.h">
      <Filter>Event</Filter>
    </ClInclude>
    <ClInclude Include="Source\Event\EditorCallback.h">
      <Filter>Event</Filter>
    </ClInclude>
    <ClInclude Include="Source\Event\Event.h">
      <Filter>Event</Filter>
    </ClInclude>
    <ClInclude Include="Source\Event\EventDispatcher.h">
      <Filter>Event</Filter>
    </ClInclude>
    <ClInclude Include="Source\Event\KeyEvent.h">
      <Filter>Event</Filter>
    </ClInclude>
    <ClInclude Include="Source\Event\ModuleEvent.h">
      <Filter>Event</Filter>
    </ClInclude>
    <ClInclude Include="Source\Event\MouseEvent.h">
      <Filter>Event</Filter>
    </ClInclude>
    <ClInclude Include="Source\Event\SceneEvent.h">
      <Filter>Event</Filter>
    </ClInclude>
    <ClInclude Include="Source\Event\WindowEvent.h">
      <Filter>Event</Filter>
    </ClInclude>
    <ClInclude Include="Source\Framework\AppObject.h">
      <Filter>Framework</Filter>
    </ClInclude>
    <ClInclude Include="Source\Framework\Application.h">
      <Filter>Framework</Filter>
    </ClInclude>
    <ClInclude Include="Source\Framework\Array.h">
      <Filter>Framework</Filter>
    </ClInclude>
    <ClInclude Include="Source\Framework\Classes\Components\TransformComponent.h">
      <Filter>Framework\Classes\Components</Filter>
    </ClInclude>
    <ClInclude Include="Source\Framework\Engine.h">
      <Filter>Framework</Filter>
    </ClInclude>
    <ClInclude Include="Source\Framework\EnumBase.h">
      <Filter>Framework</Filter>
    </ClInclude>
    <ClInclude Include="Source\Framework\FrameworkMacros.h">
      <Filter>Framework</Filter>
    </ClInclude>
    <ClInclude Include="Source\Framework\InputManager.h">
      <Filter>Framework</Filter>
    </ClInclude>
    <ClInclude Include="Source\Framework\Method.h">
      <Filter>Framework</Filter>
    </ClInclude>
    <ClInclude Include="Source\Framework\Module.h">
      <Filter>Framework</Filter>
    </ClInclude>
    <ClInclude Include="Source\Framework\ModuleManager.h">
      <Filter>Framework</Filter>
    </ClInclude>
    <ClInclude Include="Source\Framework\ObjectBase.h">
      <Filter>Framework</Filter>
    </ClInclude>
    <ClInclude Include="Source\Framework\ObjectComponent.h">
      <Filter>Framework</Filter>
    </ClInclude>
    <ClInclude Include="Source\Framework\Property.h">
      <Filter>Framework</Filter>
    </ClInclude>
    <ClInclude Include="Source\Framework\Registry.h">
      <Filter>Framework</Filter>
    </ClInclude>
    <ClInclude Include="Source\Framework\Scene.h">
      <Filter>Framework</Filter>
    </ClInclude>
    <ClInclude Include="Source\Framework\SceneObject.h">
      <Filter>Framework</Filter>
    </ClInclude>
    <ClInclude Include="Source\Framework\StaticClass.h">
      <Filter>Framework</Filter>
    </ClInclude>
    <ClInclude Include="Source\Framework\StructBase.h">
      <Filter>Framework</Filter>
    </ClInclude>
    <ClInclude Include="Source\Framework\Tick.h">
      <Filter>Framework</Filter>
    </ClInclude>
    <ClInclude Include="Source\Rendering\Camera.h">
      <Filter>Rendering</Filter>
    </ClInclude>
    <ClInclude Include="Source\Rendering\Classes\Materials\PBR_Material.h">
      <Filter>Rendering\Classes\Materials</Filter>
    </ClInclude>
    <ClInclude Include="Source\Rendering\Classes\Renderers\CubemapRenderer.h">
      <Filter>Rendering\Classes\Renderers</Filter>
    </ClInclude>
    <ClInclude Include="Source\Rendering\Classes\Renderers\MeshRenderer.h">
      <Filter>Rendering\Classes\Renderers</Filter>
    </ClInclude>
    <ClInclude Include="Source\Rendering\Classes\Renderers\QuadRenderer.h">
      <Filter>Rendering\Classes\Renderers</Filter>
    </ClInclude>
    <ClInclude Include="Source\Rendering\FrameBuffer.h">
      <Filter>Rendering</Filter>
    </ClInclude>
    <ClInclude Include="Source\Rendering\Indexbuffer.h">
      <Filter>Rendering</Filter>
    </ClInclude>
    <ClInclude Include="Source\Rendering\Material.h">
      <Filter>Rendering</Filter>
    </ClInclude>
    <ClInclude Include="Source\Rendering\Mesh.h">
      <Filter>Rendering</Filter>
    </ClInclude>
    <ClInclude Include="Source\Rendering\RenderAPI.h">
      <Filter>Rendering</Filter>
    </ClInclude>
    <ClInclude Include="Source\Rendering\RenderCore.h">
      <Filter>Rendering</Filter>
    </ClInclude>
    <ClInclude Include="Source\Rendering\Renderer.h">
      <Filter>Rendering</Filter>
    </ClInclude>
    <ClInclude Include="Source\Rendering\Shader.h">
      <Filter>Rendering</Filter>
    </ClInclude>
    <ClInclude Include="Source\Rendering\ShaderStorageBuffer.h">
      <Filter>Rendering</Filter>
    </ClInclude>
    <ClInclude Include="Source\Rendering\StaticMesh.h">
      <Filter>Rendering</Filter>
    </ClInclude>
    <ClInclude Include="Source\Rendering\Texture.h">
      <Filter>Rendering</Filter>
    </ClInclude>
    <ClInclude Include="Source\Rendering\UniformStorageBuffer.h">
      <Filter>Rendering</Filter>
    </ClInclude>
    <ClInclude Include="Source\Rendering\VertexArray.h">
      <Filter>Rendering</Filter>
    </ClInclude>
    <ClInclude Include="Source\Rendering\VertexBufferLayout.h">
      <Filter>Rendering</Filter>
    </ClInclude>
    <ClInclude Include="Source\Rendering\Vertexbuffer.h">
      <Filter>Rendering</Filter>
    </ClInclude>
    <ClInclude Include="Source\Rendering\Window.h">
      <Filter>Rendering</Filter>
    </ClInclude>
    <ClInclude Include="Source\Serialization\Buffer.h">
      <Filter>Serialization</Filter>
    </ClInclude>
    <ClInclude Include="Source\Utils\DataCache.h">
      <Filter>Utils</Filter>
    </ClInclude>
    <ClInclude Include="Source\Utils\FileSystem.h">
      <Filter>Utils</Filter>
    </ClInclude>
    <ClInclude Include="Source\Utils\ImageLoader.h">
      <Filter>Utils</Filter>
    </ClInclude>
    <ClInclude Include="Source\Utils\ModelLoader.h">
      <Filter>Utils</Filter>
    </ClInclude>
    <ClInclude Include="Source\Utils\ObjectUtils.h">
      <Filter>Utils</Filter>
    </ClInclude>
    <ClInclude Include="Source\Utils\Paths.h">
      <Filter>Utils</Filter>
    </ClInclude>
    <ClInclude Include="Source\Utils\Rand.h">
      <Filter>Utils</Filter>
    </ClInclude>
    <ClInclude Include="Source\Utils\RenderUtils.h">
      <Filter>Utils</Filter>
    </ClInclude>
    <ClInclude Include="Source\Utils\SceneUtils.h">
      <Filter>Utils</Filter>
    </ClInclude>
    <ClInclude Include="Source\Utils\Task.h">
      <Filter>Utils</Filter>
    </ClInclude>
    <ClInclude Include="Source\Utils\Timer.h">
      <Filter>Utils</Filter>
    </ClInclude>
    <ClInclude Include="Source\Utils\World.h">
      <Filter>Utils</Filter>
    </ClInclude>
  </ItemGroup>
  <ItemGroup>
    <ClCompile Include="Source\Assets\Asset.cpp">
      <Filter>Assets</Filter>
    </ClCompile>
    <ClCompile Include="Source\Assets\AssetHandle.cpp">
      <Filter>Assets</Filter>
    </ClCompile>
    <ClCompile Include="Source\Assets\AssetManager.cpp">
      <Filter>Assets</Filter>
    </ClCompile>
    <ClCompile Include="Source\Core\Allocater.cpp">
      <Filter>Core</Filter>
    </ClCompile>
    <ClCompile Include="Source\Core\Log.cpp">
      <Filter>Core</Filter>
    </ClCompile>
    <ClCompile Include="Source\Framework\AppObject.cpp">
      <Filter>Framework</Filter>
    </ClCompile>
    <ClCompile Include="Source\Framework\Application.cpp">
      <Filter>Framework</Filter>
    </ClCompile>
    <ClCompile Include="Source\Framework\Classes\Components\TransformComponent.cpp">
      <Filter>Framework\Classes\Components</Filter>
    </ClCompile>
    <ClCompile Include="Source\Framework\Engine.cpp">
      <Filter>Framework</Filter>
    </ClCompile>
    <ClCompile Include="Source\Framework\InputManager.cpp">
      <Filter>Framework</Filter>
    </ClCompile>
    <ClCompile Include="Source\Framework\Module.cpp">
      <Filter>Framework</Filter>
    </ClCompile>
    <ClCompile Include="Source\Framework\ModuleManager.cpp">
      <Filter>Framework</Filter>
    </ClCompile>
    <ClCompile Include="Source\Framework\ObjectBase.cpp">
      <Filter>Framework</Filter>
    </ClCompile>
    <ClCompile Include="Source\Framework\ObjectComponent.cpp">
      <Filter>Framework</Filter>
    </ClCompile>
    <ClCompile Include="Source\Framework\Property.cpp">
      <Filter>Framework</Filter>
    </ClCompile>
    <ClCompile Include="Source\Framework\Scene.cpp">
      <Filter>Framework</Filter>
    </ClCompile>
    <ClCompile Include="Source\Framework\SceneObject.cpp">
      <Filter>Framework</Filter>
    </ClCompile>
    <ClCompile Include="Source\Framework\StaticClass.cpp">
      <Filter>Framework</Filter>
    </ClCompile>
    <ClCompile Include="Source\Framework\StructBase.cpp">
      <Filter>Framework</Filter>
    </ClCompile>
    <ClCompile Include="Source\Rendering\Camera.cpp">
      <Filter>Rendering</Filter>
    </ClCompile>
    <ClCompile Include="Source\Rendering\Classes\Materials\PBR_Material.cpp">
      <Filter>Rendering\Classes\Materials</Filter>
    </ClCompile>
    <ClCompile Include="Source\Rendering\Classes\Renderers\CubemapRenderer.cpp">
      <Filter>Rendering\Classes\Renderers</Filter>
    </ClCompile>
    <ClCompile Include="Source\Rendering\Classes\Renderers\MeshRenderer.cpp">
      <Filter>Rendering\Classes\Renderers</Filter>
    </ClCompile>
    <ClCompile Include="Source\Rendering\Classes\Renderers\QuadRenderer.cpp">
      <Filter>Rendering\Classes\Renderers</Filter>
    </ClCompile>
    <ClCompile Include="Source\Rendering\FrameBuffer.cpp">
      <Filter>Rendering</Filter>
    </ClCompile>
    <ClCompile Include="Source\Rendering\Indexbuffer.cpp">
      <Filter>Rendering</Filter>
    </ClCompile>
    <ClCompile Include="Source\Rendering\Mesh.cpp">
      <Filter>Rendering</Filter>
    </ClCompile>
    <ClCompile Include="Source\Rendering\RenderAPI.cpp">
      <Filter>Rendering</Filter>
    </ClCompile>
    <ClCompile Include="Source\Rendering\Renderer.cpp">
      <Filter>Rendering</Filter>
    </ClCompile>
    <ClCompile Include="Source\Rendering\Shader.cpp">
      <Filter>Rendering</Filter>
    </ClCompile>
    <ClCompile Include="Source\Rendering\ShaderStorageBuffer.cpp">
      <Filter>Rendering</Filter>
    </ClCompile>
    <ClCompile Include="Source\Rendering\StaticMesh.cpp">
      <Filter>Rendering</Filter>
    </ClCompile>
    <ClCompile Include="Source\Rendering\Texture.cpp">
      <Filter>Rendering</Filter>
    </ClCompile>
    <ClCompile Include="Source\Rendering\UniformStorageBuffer.cpp">
      <Filter>Rendering</Filter>
    </ClCompile>
    <ClCompile Include="Source\Rendering\VertexArray.cpp">
      <Filter>Rendering</Filter>
    </ClCompile>
    <ClCompile Include="Source\Rendering\Vertexbuffer.cpp">
      <Filter>Rendering</Filter>
    </ClCompile>
    <ClCompile Include="Source\Rendering\Window.cpp">
      <Filter>Rendering</Filter>
    </ClCompile>
    <ClCompile Include="Source\Utils\FileSystem.cpp">
      <Filter>Utils</Filter>
    </ClCompile>
    <ClCompile Include="Source\Utils\ImageLoader.cpp">
      <Filter>Utils</Filter>
    </ClCompile>
    <ClCompile Include="Source\Utils\ModelLoader.cpp">
      <Filter>Utils</Filter>
    </ClCompile>
    <ClCompile Include="Source\Utils\ObjectUtils.cpp">
      <Filter>Utils</Filter>
    </ClCompile>
    <ClCompile Include="Source\Utils\Paths.cpp">
      <Filter>Utils</Filter>
    </ClCompile>
    <ClCompile Include="Source\Utils\Rand.cpp">
      <Filter>Utils</Filter>
    </ClCompile>
    <ClCompile Include="Source\Utils\RenderUtils.cpp">
      <Filter>Utils</Filter>
    </ClCompile>
    <ClCompile Include="Source\Utils\SceneUtils.cpp">
      <Filter>Utils</Filter>
    </ClCompile>
    <ClCompile Include="Source\Utils\Task.cpp">
      <Filter>Utils</Filter>
    </ClCompile>
    <ClCompile Include="Source\Utils\World.cpp">
      <Filter>Utils</Filter>
    </ClCompile>
  </ItemGroup>
</Project>