<?xml version="1.0" encoding="utf-8"?>
<Project ToolsVersion="4.0" xmlns="http://schemas.microsoft.com/developer/msbuild/2003">
  <ItemGroup>
    <Filter Include="Core">
      <UniqueIdentifier>{2EB4837C-1AEB-840D-C3D7-6A10AFED000F}</UniqueIdentifier>
    </Filter>
    <Filter Include="Event">
      <UniqueIdentifier>{E70B220D-5320-4ABE-1CA2-ED1D887546EF}</UniqueIdentifier>
    </Filter>
    <Filter Include="Framework">
      <UniqueIdentifier>{1362EE31-7FCC-A2A8-C80A-544E34B480FD}</UniqueIdentifier>
    </Filter>
    <Filter Include="Rendering">
      <UniqueIdentifier>{E3AE1F7C-4F19-D4F2-9857-85980401B247}</UniqueIdentifier>
    </Filter>
    <Filter Include="Utils">
      <UniqueIdentifier>{F68B420E-62A0-6ABF-2B22-0E1F97F566F0}</UniqueIdentifier>
    </Filter>
  </ItemGroup>
  <ItemGroup>
    <ClInclude Include="Source\Core\Core.h">
      <Filter>Core</Filter>
    </ClInclude>
    <ClInclude Include="Source\Core\Log.h">
      <Filter>Core</Filter>
    </ClInclude>
    <ClInclude Include="Source\Core\Types.h">
      <Filter>Core</Filter>
    </ClInclude>
    <ClInclude Include="Source\DEngine.h" />
    <ClInclude Include="Source\Event\Callback.h">
      <Filter>Event</Filter>
    </ClInclude>
    <ClInclude Include="Source\Event\Event.h">
      <Filter>Event</Filter>
    </ClInclude>
    <ClInclude Include="Source\Event\EventDispatcher.h">
      <Filter>Event</Filter>
    </ClInclude>
    <ClInclude Include="Source\Event\WindowEvent.h">
      <Filter>Event</Filter>
    </ClInclude>
    <ClInclude Include="Source\Framework\AppObject.h">
      <Filter>Framework</Filter>
    </ClInclude>
    <ClInclude Include="Source\Framework\Application.h">
      <Filter>Framework</Filter>
    </ClInclude>
    <ClInclude Include="Source\Framework\Engine.h">
      <Filter>Framework</Filter>
    </ClInclude>
    <ClInclude Include="Source\Framework\Module.h">
      <Filter>Framework</Filter>
    </ClInclude>
    <ClInclude Include="Source\Framework\ModuleManager.h">
      <Filter>Framework</Filter>
    </ClInclude>
    <ClInclude Include="Source\Framework\ObjectBase.h">
      <Filter>Framework</Filter>
    </ClInclude>
    <ClInclude Include="Source\Framework\Registry.h">
      <Filter>Framework</Filter>
    </ClInclude>
    <ClInclude Include="Source\Framework\Tick.h">
      <Filter>Framework</Filter>
    </ClInclude>
    <ClInclude Include="Source\Rendering\Window.h">
      <Filter>Rendering</Filter>
    </ClInclude>
    <ClInclude Include="Source\Utils\DataCache.h">
      <Filter>Utils</Filter>
    </ClInclude>
    <ClInclude Include="Source\Utils\FileDialog.h">
      <Filter>Utils</Filter>
    </ClInclude>
    <ClInclude Include="Source\Utils\ImageLoader.h">
      <Filter>Utils</Filter>
    </ClInclude>
    <ClInclude Include="Source\Utils\Paths.h">
      <Filter>Utils</Filter>
    </ClInclude>
    <ClInclude Include="Source\Utils\Rand.h">
      <Filter>Utils</Filter>
    </ClInclude>
    <ClInclude Include="Source\Utils\Task.h">
      <Filter>Utils</Filter>
    </ClInclude>
    <ClInclude Include="Source\Utils\Timer.h">
      <Filter>Utils</Filter>
    </ClInclude>
    <ClInclude Include="Source\Utils\World.h">
      <Filter>Utils</Filter>
    </ClInclude>
    <ClInclude Include="Source\Framework\Property.h" />
    <ClInclude Include="Source\Serialization\Buffer.h" />
    <ClInclude Include="Source\Event\ModuleEvent.h" />
  </ItemGroup>
  <ItemGroup>
    <ClCompile Include="Source\Core\Log.cpp">
      <Filter>Core</Filter>
    </ClCompile>
    <ClCompile Include="Source\Framework\Application.cpp">
      <Filter>Framework</Filter>
    </ClCompile>
    <ClCompile Include="Source\Framework\Engine.cpp">
      <Filter>Framework</Filter>
    </ClCompile>
    <ClCompile Include="Source\Framework\ModuleManager.cpp">
      <Filter>Framework</Filter>
    </ClCompile>
    <ClCompile Include="Source\Framework\ObjectBase.cpp">
      <Filter>Framework</Filter>
    </ClCompile>
    <ClCompile Include="Source\Rendering\Window.cpp">
      <Filter>Rendering</Filter>
    </ClCompile>
    <ClCompile Include="Source\Utils\FileDialog.cpp">
      <Filter>Utils</Filter>
    </ClCompile>
    <ClCompile Include="Source\Utils\ImageLoader.cpp">
      <Filter>Utils</Filter>
    </ClCompile>
    <ClCompile Include="Source\Utils\Paths.cpp">
      <Filter>Utils</Filter>
    </ClCompile>
    <ClCompile Include="Source\Utils\Rand.cpp">
      <Filter>Utils</Filter>
    </ClCompile>
    <ClCompile Include="Source\Utils\Task.cpp">
      <Filter>Utils</Filter>
    </ClCompile>
    <ClCompile Include="Source\Utils\World.cpp">
      <Filter>Utils</Filter>
    </ClCompile>
    <ClCompile Include="Source\Framework\Property.cpp" />
    <ClCompile Include="Source\Framework\AppObject.cpp" />
  </ItemGroup>
</Project>